// !$*UTF8*$!
{
	archiveVersion = 1;
	classes = {
	};
	objectVersion = 46;
	objects = {

/* Begin PBXBuildFile section */
		0D8F8CAE1F54730F007AE69F /* AppDelegate.swift in Sources */ = {isa = PBXBuildFile; fileRef = 0D8F8CAD1F54730F007AE69F /* AppDelegate.swift */; };
		0D8F8CB01F54730F007AE69F /* ViewController.swift in Sources */ = {isa = PBXBuildFile; fileRef = 0D8F8CAF1F54730F007AE69F /* ViewController.swift */; };
		0D8F8CB31F54730F007AE69F /* Main.storyboard in Resources */ = {isa = PBXBuildFile; fileRef = 0D8F8CB11F54730F007AE69F /* Main.storyboard */; };
		0D8F8CB51F54730F007AE69F /* Assets.xcassets in Resources */ = {isa = PBXBuildFile; fileRef = 0D8F8CB41F54730F007AE69F /* Assets.xcassets */; };
		0D8F8CB81F54730F007AE69F /* LaunchScreen.storyboard in Resources */ = {isa = PBXBuildFile; fileRef = 0D8F8CB61F54730F007AE69F /* LaunchScreen.storyboard */; };
		0D8F8CC01F5475F0007AE69F /* GoogleClient.swift in Sources */ = {isa = PBXBuildFile; fileRef = 0D8F8CBF1F5475F0007AE69F /* GoogleClient.swift */; };
		0D999E261F54BAF000EFB47F /* StockTableViewCell.swift in Sources */ = {isa = PBXBuildFile; fileRef = 0D999E251F54BAF000EFB47F /* StockTableViewCell.swift */; };
		901196A08CFD9A6D5FA34FF9 /* Pods_GoogleStockAPI.framework in Frameworks */ = {isa = PBXBuildFile; fileRef = 0A3CF05DC6D9E1C1DE7860AC /* Pods_GoogleStockAPI.framework */; };
/* End PBXBuildFile section */

/* Begin PBXFileReference section */
		0A3CF05DC6D9E1C1DE7860AC /* Pods_GoogleStockAPI.framework */ = {isa = PBXFileReference; explicitFileType = wrapper.framework; includeInIndex = 0; path = Pods_GoogleStockAPI.framework; sourceTree = BUILT_PRODUCTS_DIR; };
		0D8F8CAA1F54730F007AE69F /* GoogleStockAPI.app */ = {isa = PBXFileReference; explicitFileType = wrapper.application; includeInIndex = 0; path = GoogleStockAPI.app; sourceTree = BUILT_PRODUCTS_DIR; };
		0D8F8CAD1F54730F007AE69F /* AppDelegate.swift */ = {isa = PBXFileReference; lastKnownFileType = sourcecode.swift; path = AppDelegate.swift; sourceTree = "<group>"; };
		0D8F8CAF1F54730F007AE69F /* ViewController.swift */ = {isa = PBXFileReference; lastKnownFileType = sourcecode.swift; path = ViewController.swift; sourceTree = "<group>"; };
		0D8F8CB21F54730F007AE69F /* Base */ = {isa = PBXFileReference; lastKnownFileType = file.storyboard; name = Base; path = Base.lproj/Main.storyboard; sourceTree = "<group>"; };
		0D8F8CB41F54730F007AE69F /* Assets.xcassets */ = {isa = PBXFileReference; lastKnownFileType = folder.assetcatalog; path = Assets.xcassets; sourceTree = "<group>"; };
		0D8F8CB71F54730F007AE69F /* Base */ = {isa = PBXFileReference; lastKnownFileType = file.storyboard; name = Base; path = Base.lproj/LaunchScreen.storyboard; sourceTree = "<group>"; };
		0D8F8CB91F54730F007AE69F /* Info.plist */ = {isa = PBXFileReference; lastKnownFileType = text.plist.xml; path = Info.plist; sourceTree = "<group>"; };
		0D8F8CBF1F5475F0007AE69F /* GoogleClient.swift */ = {isa = PBXFileReference; fileEncoding = 4; lastKnownFileType = sourcecode.swift; path = GoogleClient.swift; sourceTree = "<group>"; };
		0D999E251F54BAF000EFB47F /* StockTableViewCell.swift */ = {isa = PBXFileReference; fileEncoding = 4; lastKnownFileType = sourcecode.swift; path = StockTableViewCell.swift; sourceTree = "<group>"; };
		82F9E46FB7CDFE2C837F436C /* Pods-GoogleStockAPI.debug.xcconfig */ = {isa = PBXFileReference; includeInIndex = 1; lastKnownFileType = text.xcconfig; name = "Pods-GoogleStockAPI.debug.xcconfig"; path = "Pods/Target Support Files/Pods-GoogleStockAPI/Pods-GoogleStockAPI.debug.xcconfig"; sourceTree = "<group>"; };
		CF528BB981941475431C9333 /* Pods-GoogleStockAPI.release.xcconfig */ = {isa = PBXFileReference; includeInIndex = 1; lastKnownFileType = text.xcconfig; name = "Pods-GoogleStockAPI.release.xcconfig"; path = "Pods/Target Support Files/Pods-GoogleStockAPI/Pods-GoogleStockAPI.release.xcconfig"; sourceTree = "<group>"; };
/* End PBXFileReference section */

/* Begin PBXFrameworksBuildPhase section */
		0D8F8CA71F54730F007AE69F /* Frameworks */ = {
			isa = PBXFrameworksBuildPhase;
			buildActionMask = 2147483647;
			files = (
				901196A08CFD9A6D5FA34FF9 /* Pods_GoogleStockAPI.framework in Frameworks */,
			);
			runOnlyForDeploymentPostprocessing = 0;
		};
/* End PBXFrameworksBuildPhase section */

/* Begin PBXGroup section */
		0D8F8CA11F54730F007AE69F = {
			isa = PBXGroup;
			children = (
				0D8F8CAC1F54730F007AE69F /* GoogleStockAPI */,
				0D8F8CAB1F54730F007AE69F /* Products */,
				91CD87D6035CC395E8AF1B6B /* Pods */,
				CE2B5F198331611D936C4247 /* Frameworks */,
			);
			sourceTree = "<group>";
		};
		0D8F8CAB1F54730F007AE69F /* Products */ = {
			isa = PBXGroup;
			children = (
				0D8F8CAA1F54730F007AE69F /* GoogleStockAPI.app */,
			);
			name = Products;
			sourceTree = "<group>";
		};
		0D8F8CAC1F54730F007AE69F /* GoogleStockAPI */ = {
			isa = PBXGroup;
			children = (
				0D8F8CB11F54730F007AE69F /* Main.storyboard */,
				0D999E251F54BAF000EFB47F /* StockTableViewCell.swift */,
				0D8F8CAF1F54730F007AE69F /* ViewController.swift */,
				0D8F8CBF1F5475F0007AE69F /* GoogleClient.swift */,
				0D8F8CB41F54730F007AE69F /* Assets.xcassets */,
				0D8F8CB61F54730F007AE69F /* LaunchScreen.storyboard */,
				0D8F8CB91F54730F007AE69F /* Info.plist */,
				0D8F8CAD1F54730F007AE69F /* AppDelegate.swift */,
			);
			path = GoogleStockAPI;
			sourceTree = "<group>";
		};
		91CD87D6035CC395E8AF1B6B /* Pods */ = {
			isa = PBXGroup;
			children = (
				82F9E46FB7CDFE2C837F436C /* Pods-GoogleStockAPI.debug.xcconfig */,
				CF528BB981941475431C9333 /* Pods-GoogleStockAPI.release.xcconfig */,
			);
			name = Pods;
			sourceTree = "<group>";
		};
		CE2B5F198331611D936C4247 /* Frameworks */ = {
			isa = PBXGroup;
			children = (
				0A3CF05DC6D9E1C1DE7860AC /* Pods_GoogleStockAPI.framework */,
			);
			name = Frameworks;
			sourceTree = "<group>";
		};
/* End PBXGroup section */

/* Begin PBXNativeTarget section */
		0D8F8CA91F54730F007AE69F /* GoogleStockAPI */ = {
			isa = PBXNativeTarget;
			buildConfigurationList = 0D8F8CBC1F54730F007AE69F /* Build configuration list for PBXNativeTarget "GoogleStockAPI" */;
			buildPhases = (
				5A60962602F9B2A4F1121D06 /* [CP] Check Pods Manifest.lock */,
				0D8F8CA61F54730F007AE69F /* Sources */,
				0D8F8CA71F54730F007AE69F /* Frameworks */,
				0D8F8CA81F54730F007AE69F /* Resources */,
				7A103E3C35B75936BD66D97E /* [CP] Embed Pods Frameworks */,
				E272F6C2D8AEC7D1AB971DFB /* [CP] Copy Pods Resources */,
			);
			buildRules = (
			);
			dependencies = (
			);
			name = GoogleStockAPI;
			productName = GoogleStockAPI;
			productReference = 0D8F8CAA1F54730F007AE69F /* GoogleStockAPI.app */;
			productType = "com.apple.product-type.application";
		};
/* End PBXNativeTarget section */

/* Begin PBXProject section */
		0D8F8CA21F54730F007AE69F /* Project object */ = {
			isa = PBXProject;
			attributes = {
				LastSwiftUpdateCheck = 0830;
				LastUpgradeCheck = 0830;
				ORGANIZATIONNAME = "Warren Hansen";
				TargetAttributes = {
					0D8F8CA91F54730F007AE69F = {
						CreatedOnToolsVersion = 8.3.3;
						DevelopmentTeam = 22U4CL887R;
						ProvisioningStyle = Automatic;
					};
				};
			};
			buildConfigurationList = 0D8F8CA51F54730F007AE69F /* Build configuration list for PBXProject "GoogleStockAPI" */;
			compatibilityVersion = "Xcode 3.2";
			developmentRegion = English;
			hasScannedForEncodings = 0;
			knownRegions = (
				en,
				Base,
			);
			mainGroup = 0D8F8CA11F54730F007AE69F;
			productRefGroup = 0D8F8CAB1F54730F007AE69F /* Products */;
			projectDirPath = "";
			projectRoot = "";
			targets = (
				0D8F8CA91F54730F007AE69F /* GoogleStockAPI */,
			);
		};
/* End PBXProject section */

/* Begin PBXResourcesBuildPhase section */
		0D8F8CA81F54730F007AE69F /* Resources */ = {
			isa = PBXResourcesBuildPhase;
			buildActionMask = 2147483647;
			files = (
				0D8F8CB81F54730F007AE69F /* LaunchScreen.storyboard in Resources */,
				0D8F8CB51F54730F007AE69F /* Assets.xcassets in Resources */,
				0D8F8CB31F54730F007AE69F /* Main.storyboard in Resources */,
			);
			runOnlyForDeploymentPostprocessing = 0;
		};
/* End PBXResourcesBuildPhase section */

/* Begin PBXShellScriptBuildPhase section */
		5A60962602F9B2A4F1121D06 /* [CP] Check Pods Manifest.lock */ = {
			isa = PBXShellScriptBuildPhase;
			buildActionMask = 2147483647;
			files = (
			);
			inputPaths = (
			);
			name = "[CP] Check Pods Manifest.lock";
			outputPaths = (
			);
			runOnlyForDeploymentPostprocessing = 0;
			shellPath = /bin/sh;
			shellScript = "diff \"${PODS_PODFILE_DIR_PATH}/Podfile.lock\" \"${PODS_ROOT}/Manifest.lock\" > /dev/null\nif [ $? != 0 ] ; then\n    # print error to STDERR\n    echo \"error: The sandbox is not in sync with the Podfile.lock. Run 'pod install' or update your CocoaPods installation.\" >&2\n    exit 1\nfi\n";
			showEnvVarsInLog = 0;
		};
		7A103E3C35B75936BD66D97E /* [CP] Embed Pods Frameworks */ = {
			isa = PBXShellScriptBuildPhase;
			buildActionMask = 2147483647;
			files = (
			);
			inputPaths = (
			);
			name = "[CP] Embed Pods Frameworks";
			outputPaths = (
			);
			runOnlyForDeploymentPostprocessing = 0;
			shellPath = /bin/sh;
			shellScript = "\"${SRCROOT}/Pods/Target Support Files/Pods-GoogleStockAPI/Pods-GoogleStockAPI-frameworks.sh\"\n";
			showEnvVarsInLog = 0;
		};
		E272F6C2D8AEC7D1AB971DFB /* [CP] Copy Pods Resources */ = {
			isa = PBXShellScriptBuildPhase;
			buildActionMask = 2147483647;
			files = (
			);
			inputPaths = (
			);
			name = "[CP] Copy Pods Resources";
			outputPaths = (
			);
			runOnlyForDeploymentPostprocessing = 0;
			shellPath = /bin/sh;
			shellScript = "\"${SRCROOT}/Pods/Target Support Files/Pods-GoogleStockAPI/Pods-GoogleStockAPI-resources.sh\"\n";
			showEnvVarsInLog = 0;
		};
/* End PBXShellScriptBuildPhase section */

/* Begin PBXSourcesBuildPhase section */
		0D8F8CA61F54730F007AE69F /* Sources */ = {
			isa = PBXSourcesBuildPhase;
			buildActionMask = 2147483647;
			files = (
				0D8F8CB01F54730F007AE69F /* ViewController.swift in Sources */,
				0D8F8CC01F5475F0007AE69F /* GoogleClient.swift in Sources */,
				0D999E261F54BAF000EFB47F /* StockTableViewCell.swift in Sources */,
				0D8F8CAE1F54730F007AE69F /* AppDelegate.swift in Sources */,
			);
			runOnlyForDeploymentPostprocessing = 0;
		};
/* End PBXSourcesBuildPhase section */

/* Begin PBXVariantGroup section */
		0D8F8CB11F54730F007AE69F /* Main.storyboard */ = {
			isa = PBXVariantGroup;
			children = (
				0D8F8CB21F54730F007AE69F /* Base */,
			);
			name = Main.storyboard;
			sourceTree = "<group>";
		};
		0D8F8CB61F54730F007AE69F /* LaunchScreen.storyboard */ = {
			isa = PBXVariantGroup;
			children = (
				0D8F8CB71F54730F007AE69F /* Base */,
			);
			name = LaunchScreen.storyboard;
			sourceTree = "<group>";
		};
/* End PBXVariantGroup section */

/* Begin XCBuildConfiguration section */
		0D8F8CBA1F54730F007AE69F /* Debug */ = {
			isa = XCBuildConfiguration;
			buildSettings = {
				ALWAYS_SEARCH_USER_PATHS = NO;
				CLANG_ANALYZER_NONNULL = YES;
				CLANG_ANALYZER_NUMBER_OBJECT_CONVERSION = YES_AGGRESSIVE;
				CLANG_CXX_LANGUAGE_STANDARD = "gnu++0x";
				CLANG_CXX_LIBRARY = "libc++";
				CLANG_ENABLE_MODULES = YES;
				CLANG_ENABLE_OBJC_ARC = YES;
				CLANG_WARN_BOOL_CONVERSION = YES;
				CLANG_WARN_CONSTANT_CONVERSION = YES;
				CLANG_WARN_DIRECT_OBJC_ISA_USAGE = YES_ERROR;
				CLANG_WARN_DOCUMENTATION_COMMENTS = YES;
				CLANG_WARN_EMPTY_BODY = YES;
				CLANG_WARN_ENUM_CONVERSION = YES;
				CLANG_WARN_INFINITE_RECURSION = YES;
				CLANG_WARN_INT_CONVERSION = YES;
				CLANG_WARN_OBJC_ROOT_CLASS = YES_ERROR;
				CLANG_WARN_SUSPICIOUS_MOVE = YES;
				CLANG_WARN_UNREACHABLE_CODE = YES;
				CLANG_WARN__DUPLICATE_METHOD_MATCH = YES;
				"CODE_SIGN_IDENTITY[sdk=iphoneos*]" = "iPhone Developer";
				COPY_PHASE_STRIP = NO;
				DEBUG_INFORMATION_FORMAT = dwarf;
				ENABLE_STRICT_OBJC_MSGSEND = YES;
				ENABLE_TESTABILITY = YES;
				GCC_C_LANGUAGE_STANDARD = gnu99;
				GCC_DYNAMIC_NO_PIC = NO;
				GCC_NO_COMMON_BLOCKS = YES;
				GCC_OPTIMIZATION_LEVEL = 0;
				GCC_PREPROCESSOR_DEFINITIONS = (
					"DEBUG=1",
					"$(inherited)",
				);
				GCC_WARN_64_TO_32_BIT_CONVERSION = YES;
				GCC_WARN_ABOUT_RETURN_TYPE = YES_ERROR;
				GCC_WARN_UNDECLARED_SELECTOR = YES;
				GCC_WARN_UNINITIALIZED_AUTOS = YES_AGGRESSIVE;
				GCC_WARN_UNUSED_FUNCTION = YES;
				GCC_WARN_UNUSED_VARIABLE = YES;
				IPHONEOS_DEPLOYMENT_TARGET = 10.3;
				MTL_ENABLE_DEBUG_INFO = YES;
				ONLY_ACTIVE_ARCH = YES;
				SDKROOT = iphoneos;
				SWIFT_ACTIVE_COMPILATION_CONDITIONS = DEBUG;
				SWIFT_OPTIMIZATION_LEVEL = "-Onone";
			};
			name = Debug;
		};
		0D8F8CBB1F54730F007AE69F /* Release */ = {
			isa = XCBuildConfiguration;
			buildSettings = {
				ALWAYS_SEARCH_USER_PATHS = NO;
				CLANG_ANALYZER_NONNULL = YES;
				CLANG_ANALYZER_NUMBER_OBJECT_CONVERSION = YES_AGGRESSIVE;
				CLANG_CXX_LANGUAGE_STANDARD = "gnu++0x";
				CLANG_CXX_LIBRARY = "libc++";
				CLANG_ENABLE_MODULES = YES;
				CLANG_ENABLE_OBJC_ARC = YES;
				CLANG_WARN_BOOL_CONVERSION = YES;
				CLANG_WARN_CONSTANT_CONVERSION = YES;
				CLANG_WARN_DIRECT_OBJC_ISA_USAGE = YES_ERROR;
				CLANG_WARN_DOCUMENTATION_COMMENTS = YES;
				CLANG_WARN_EMPTY_BODY = YES;
				CLANG_WARN_ENUM_CONVERSION = YES;
				CLANG_WARN_INFINITE_RECURSION = YES;
				CLANG_WARN_INT_CONVERSION = YES;
				CLANG_WARN_OBJC_ROOT_CLASS = YES_ERROR;
				CLANG_WARN_SUSPICIOUS_MOVE = YES;
				CLANG_WARN_UNREACHABLE_CODE = YES;
				CLANG_WARN__DUPLICATE_METHOD_MATCH = YES;
				"CODE_SIGN_IDENTITY[sdk=iphoneos*]" = "iPhone Developer";
				COPY_PHASE_STRIP = NO;
				DEBUG_INFORMATION_FORMAT = "dwarf-with-dsym";
				ENABLE_NS_ASSERTIONS = NO;
				ENABLE_STRICT_OBJC_MSGSEND = YES;
				GCC_C_LANGUAGE_STANDARD = gnu99;
				GCC_NO_COMMON_BLOCKS = YES;
				GCC_WARN_64_TO_32_BIT_CONVERSION = YES;
				GCC_WARN_ABOUT_RETURN_TYPE = YES_ERROR;
				GCC_WARN_UNDECLARED_SELECTOR = YES;
				GCC_WARN_UNINITIALIZED_AUTOS = YES_AGGRESSIVE;
				GCC_WARN_UNUSED_FUNCTION = YES;
				GCC_WARN_UNUSED_VARIABLE = YES;
				IPHONEOS_DEPLOYMENT_TARGET = 10.3;
				MTL_ENABLE_DEBUG_INFO = NO;
				SDKROOT = iphoneos;
				SWIFT_OPTIMIZATION_LEVEL = "-Owholemodule";
				VALIDATE_PRODUCT = YES;
			};
			name = Release;
		};
		0D8F8CBD1F54730F007AE69F /* Debug */ = {
			isa = XCBuildConfiguration;
			baseConfigurationReference = 82F9E46FB7CDFE2C837F436C /* Pods-GoogleStockAPI.debug.xcconfig */;
			buildSettings = {
				ASSETCATALOG_COMPILER_APPICON_NAME = AppIcon;
				DEVELOPMENT_TEAM = 22U4CL887R;
				INFOPLIST_FILE = GoogleStockAPI/Info.plist;
				LD_RUNPATH_SEARCH_PATHS = "$(inherited) @executable_path/Frameworks";
				PRODUCT_BUNDLE_IDENTIFIER = TradeStrat.GoogleStockAPI;
				PRODUCT_NAME = "$(TARGET_NAME)";
				SWIFT_VERSION = 3.0;
			};
			name = Debug;
		};
		0D8F8CBE1F54730F007AE69F /* Release */ = {
			isa = XCBuildConfiguration;
			baseConfigurationReference = CF528BB981941475431C9333 /* Pods-GoogleStockAPI.release.xcconfig */;
			buildSettings = {
				ASSETCATALOG_COMPILER_APPICON_NAME = AppIcon;
				DEVELOPMENT_TEAM = 22U4CL887R;
				INFOPLIST_FILE = GoogleStockAPI/Info.plist;
				LD_RUNPATH_SEARCH_PATHS = "$(inherited) @executable_path/Frameworks";
				PRODUCT_BUNDLE_IDENTIFIER = TradeStrat.GoogleStockAPI;
				PRODUCT_NAME = "$(TARGET_NAME)";
				SWIFT_VERSION = 3.0;
			};
			name = Release;
		};
/* End XCBuildConfiguration section */

/* Begin XCConfigurationList section */
		0D8F8CA51F54730F007AE69F /* Build configuration list for PBXProject "GoogleStockAPI" */ = {
			isa = XCConfigurationList;
			buildConfigurations = (
				0D8F8CBA1F54730F007AE69F /* Debug */,
				0D8F8CBB1F54730F007AE69F /* Release */,
			);
			defaultConfigurationIsVisible = 0;
			defaultConfigurationName = Release;
		};
		0D8F8CBC1F54730F007AE69F /* Build configuration list for PBXNativeTarget "GoogleStockAPI" */ = {
			isa = XCConfigurationList;
			buildConfigurations = (
				0D8F8CBD1F54730F007AE69F /* Debug */,
				0D8F8CBE1F54730F007AE69F /* Release */,
			);
			defaultConfigurationIsVisible = 0;
			defaultConfigurationName = Release;
		};
/* End XCConfigurationList section */
	};
	rootObject = 0D8F8CA21F54730F007AE69F /* Project object */;
}
